
Microsoft Visual Studio Solution File, Format Version 12.00
# Visual Studio Version 17
VisualStudioVersion = 17.10.35013.160
MinimumVisualStudioVersion = 10.0.40219.1
Project("{9A19103F-16F7-4668-BE54-9A1E7A4F7556}") = "tickets.WebApi", "tickets\tickets.WebApi.csproj", "{79739F4B-61FF-4BB3-BE5D-F6692E700723}"
EndProject
Project("{9A19103F-16F7-4668-BE54-9A1E7A4F7556}") = "tickets.Domain", "tickets.Domain\tickets.Domain.csproj", "{CA6C1EBD-E6A8-4B2E-973D-1AEDF403041E}"
EndProject
Project("{9A19103F-16F7-4668-BE54-9A1E7A4F7556}") = "tickets.Infrastructures", "tickets.Infrastructures\tickets.Infrastructures.csproj", "{7F8663D1-C0FB-4BFE-82C7-7C5DA8505EE6}"
EndProject
Project("{9A19103F-16F7-4668-BE54-9A1E7A4F7556}") = "tickets.Interfaces", "tickets.Interfaces\tickets.Interfaces.csproj", "{57DD2362-DB89-4AD2-A0F8-D9963421CC87}"
EndProject
Project("{9A19103F-16F7-4668-BE54-9A1E7A4F7556}") = "tickets.Application", "tickets.Application\tickets.Application.csproj", "{39202C48-A18F-4454-B23F-3450AAB014C1}"
EndProject
Global
	GlobalSection(SolutionConfigurationPlatforms) = preSolution
		Debug|Any CPU = Debug|Any CPU
		Release|Any CPU = Release|Any CPU
	EndGlobalSection
	GlobalSection(ProjectConfigurationPlatforms) = postSolution
		{79739F4B-61FF-4BB3-BE5D-F6692E700723}.Debug|Any CPU.ActiveCfg = Debug|Any CPU
		{79739F4B-61FF-4BB3-BE5D-F6692E700723}.Debug|Any CPU.Build.0 = Debug|Any CPU
		{79739F4B-61FF-4BB3-BE5D-F6692E700723}.Release|Any CPU.ActiveCfg = Release|Any CPU
		{79739F4B-61FF-4BB3-BE5D-F6692E700723}.Release|Any CPU.Build.0 = Release|Any CPU
		{CA6C1EBD-E6A8-4B2E-973D-1AEDF403041E}.Debug|Any CPU.ActiveCfg = Debug|Any CPU
		{CA6C1EBD-E6A8-4B2E-973D-1AEDF403041E}.Debug|Any CPU.Build.0 = Debug|Any CPU
		{CA6C1EBD-E6A8-4B2E-973D-1AEDF403041E}.Release|Any CPU.ActiveCfg = Release|Any CPU
		{CA6C1EBD-E6A8-4B2E-973D-1AEDF403041E}.Release|Any CPU.Build.0 = Release|Any CPU
		{7F8663D1-C0FB-4BFE-82C7-7C5DA8505EE6}.Debug|Any CPU.ActiveCfg = Debug|Any CPU
		{7F8663D1-C0FB-4BFE-82C7-7C5DA8505EE6}.Debug|Any CPU.Build.0 = Debug|Any CPU
		{7F8663D1-C0FB-4BFE-82C7-7C5DA8505EE6}.Release|Any CPU.ActiveCfg = Release|Any CPU
		{7F8663D1-C0FB-4BFE-82C7-7C5DA8505EE6}.Release|Any CPU.Build.0 = Release|Any CPU
		{57DD2362-DB89-4AD2-A0F8-D9963421CC87}.Debug|Any CPU.ActiveCfg = Debug|Any CPU
		{57DD2362-DB89-4AD2-A0F8-D9963421CC87}.Debug|Any CPU.Build.0 = Debug|Any CPU
		{57DD2362-DB89-4AD2-A0F8-D9963421CC87}.Release|Any CPU.ActiveCfg = Release|Any CPU
		{57DD2362-DB89-4AD2-A0F8-D9963421CC87}.Release|Any CPU.Build.0 = Release|Any CPU
		{39202C48-A18F-4454-B23F-3450AAB014C1}.Debug|Any CPU.ActiveCfg = Debug|Any CPU
		{39202C48-A18F-4454-B23F-3450AAB014C1}.Debug|Any CPU.Build.0 = Debug|Any CPU
		{39202C48-A18F-4454-B23F-3450AAB014C1}.Release|Any CPU.ActiveCfg = Release|Any CPU
		{39202C48-A18F-4454-B23F-3450AAB014C1}.Release|Any CPU.Build.0 = Release|Any CPU
	EndGlobalSection
	GlobalSection(SolutionProperties) = preSolution
		HideSolutionNode = FALSE
	EndGlobalSection
	GlobalSection(ExtensibilityGlobals) = postSolution
		SolutionGuid = {2917D84D-31E6-4C1B-9A26-4EC67C5FCDF1}
	EndGlobalSection
EndGlobal
